
Microsoft Visual Studio Solution File, Format Version 12.00
# Visual Studio Version 16
VisualStudioVersion = 16.0.30011.22
MinimumVisualStudioVersion = 10.0.40219.1
Project("{FAE04EC0-301F-11D3-BF4B-00C04F79EFBC}") = "SiriusStyleRdStoreApp", "SiriusStyleRdStoreApp\SiriusStyleRdStoreApp.csproj", "{3657D5E7-6FB0-4521-B257-DF3FA8CC8502}"
EndProject
Project("{2150E333-8FDC-42A3-9474-1A3956D46DE8}") = "Solution Items", "Solution Items", "{512D6E2F-7EE8-4370-9634-347461382658}"
	ProjectSection(SolutionItems) = preProject
		global.json = global.json
	EndProjectSection
EndProject
Project("{9A19103F-16F7-4668-BE54-9A1E7A4F7556}") = "SiriusStyleRdStore.BL", "SiriusStyleRdStore.BL\SiriusStyleRdStore.BL.csproj", "{75EEB036-E54D-404D-B496-A99787D37730}"
EndProject
Project("{9A19103F-16F7-4668-BE54-9A1E7A4F7556}") = "SiriusStyleRdStore.Entities", "SiriusStyleRdStore.Entities\SiriusStyleRdStore.Entities.csproj", "{0C5C8551-5E2A-4E12-B63C-A67CDBA370E1}"
EndProject
Project("{9A19103F-16F7-4668-BE54-9A1E7A4F7556}") = "SiriusStyleRdStore.Repositories", "SiriusStyleRdStore.Repositories\SiriusStyleRdStore.Repositories.csproj", "{5519555E-25D2-44A0-AE9A-2BB318B26317}"
EndProject
Project("{9A19103F-16F7-4668-BE54-9A1E7A4F7556}") = "SiriusStyleRdStore.Utility", "SiriusStyleRdStore.Utility\SiriusStyleRdStore.Utility.csproj", "{DCFD3A3C-C28D-429B-8B94-07179E835419}"
EndProject
Global
	GlobalSection(SolutionConfigurationPlatforms) = preSolution
		Debug|Any CPU = Debug|Any CPU
		Release|Any CPU = Release|Any CPU
	EndGlobalSection
	GlobalSection(ProjectConfigurationPlatforms) = postSolution
		{3657D5E7-6FB0-4521-B257-DF3FA8CC8502}.Debug|Any CPU.ActiveCfg = Debug|Any CPU
		{3657D5E7-6FB0-4521-B257-DF3FA8CC8502}.Debug|Any CPU.Build.0 = Debug|Any CPU
		{3657D5E7-6FB0-4521-B257-DF3FA8CC8502}.Release|Any CPU.ActiveCfg = Release|Any CPU
		{3657D5E7-6FB0-4521-B257-DF3FA8CC8502}.Release|Any CPU.Build.0 = Release|Any CPU
		{75EEB036-E54D-404D-B496-A99787D37730}.Debug|Any CPU.ActiveCfg = Debug|Any CPU
		{75EEB036-E54D-404D-B496-A99787D37730}.Debug|Any CPU.Build.0 = Debug|Any CPU
		{75EEB036-E54D-404D-B496-A99787D37730}.Release|Any CPU.ActiveCfg = Release|Any CPU
		{75EEB036-E54D-404D-B496-A99787D37730}.Release|Any CPU.Build.0 = Release|Any CPU
		{0C5C8551-5E2A-4E12-B63C-A67CDBA370E1}.Debug|Any CPU.ActiveCfg = Debug|Any CPU
		{0C5C8551-5E2A-4E12-B63C-A67CDBA370E1}.Debug|Any CPU.Build.0 = Debug|Any CPU
		{0C5C8551-5E2A-4E12-B63C-A67CDBA370E1}.Release|Any CPU.ActiveCfg = Release|Any CPU
		{0C5C8551-5E2A-4E12-B63C-A67CDBA370E1}.Release|Any CPU.Build.0 = Release|Any CPU
		{5519555E-25D2-44A0-AE9A-2BB318B26317}.Debug|Any CPU.ActiveCfg = Debug|Any CPU
		{5519555E-25D2-44A0-AE9A-2BB318B26317}.Debug|Any CPU.Build.0 = Debug|Any CPU
		{5519555E-25D2-44A0-AE9A-2BB318B26317}.Release|Any CPU.ActiveCfg = Release|Any CPU
		{5519555E-25D2-44A0-AE9A-2BB318B26317}.Release|Any CPU.Build.0 = Release|Any CPU
		{DCFD3A3C-C28D-429B-8B94-07179E835419}.Debug|Any CPU.ActiveCfg = Debug|Any CPU
		{DCFD3A3C-C28D-429B-8B94-07179E835419}.Debug|Any CPU.Build.0 = Debug|Any CPU
		{DCFD3A3C-C28D-429B-8B94-07179E835419}.Release|Any CPU.ActiveCfg = Release|Any CPU
		{DCFD3A3C-C28D-429B-8B94-07179E835419}.Release|Any CPU.Build.0 = Release|Any CPU
	EndGlobalSection
	GlobalSection(SolutionProperties) = preSolution
		HideSolutionNode = FALSE
	EndGlobalSection
	GlobalSection(ExtensibilityGlobals) = postSolution
		SolutionGuid = {23ECD498-5CA6-40F6-B4E4-DC0AC1B40F93}
	EndGlobalSection
EndGlobal
